
Microsoft Visual Studio Solution File, Format Version 12.00
# Visual Studio Version 16
VisualStudioVersion = 16.0.31019.35
MinimumVisualStudioVersion = 10.0.40219.1
Project("{FAE04EC0-301F-11D3-BF4B-00C04F79EFBC}") = "comandosBin", "comandosBin\comandosBin.csproj", "{595CF2F4-D71A-4934-ABC9-39460AF2B414}"
EndProject
Global
	GlobalSection(SolutionConfigurationPlatforms) = preSolution
		Debug|Any CPU = Debug|Any CPU
		Release|Any CPU = Release|Any CPU
	EndGlobalSection
	GlobalSection(ProjectConfigurationPlatforms) = postSolution
		{595CF2F4-D71A-4934-ABC9-39460AF2B414}.Debug|Any CPU.ActiveCfg = Debug|Any CPU
		{595CF2F4-D71A-4934-ABC9-39460AF2B414}.Debug|Any CPU.Build.0 = Debug|Any CPU
		{595CF2F4-D71A-4934-ABC9-39460AF2B414}.Release|Any CPU.ActiveCfg = Release|Any CPU
		{595CF2F4-D71A-4934-ABC9-39460AF2B414}.Release|Any CPU.Build.0 = Release|Any CPU
	EndGlobalSection
	GlobalSection(SolutionProperties) = preSolution
		HideSolutionNode = FALSE
	EndGlobalSection
	GlobalSection(ExtensibilityGlobals) = postSolution
		SolutionGuid = {7C27B523-3248-42C5-AB82-250873B4E175}
	EndGlobalSection
EndGlobal
